
Microsoft Visual Studio Solution File, Format Version 12.00
# Visual Studio Version 16
VisualStudioVersion = 16.0.30413.136
MinimumVisualStudioVersion = 10.0.40219.1
Project("{FAE04EC0-301F-11D3-BF4B-00C04F79EFBC}") = "NDAS", "NDAS.csproj", "{EC33CF25-BCF2-4958-B114-98D9956CABB6}"
EndProject
Global
	GlobalSection(SolutionConfigurationPlatforms) = preSolution
		Debug|Any CPU = Debug|Any CPU
		Release|Any CPU = Release|Any CPU
	EndGlobalSection
	GlobalSection(ProjectConfigurationPlatforms) = postSolution
		{EC33CF25-BCF2-4958-B114-98D9956CABB6}.Debug|Any CPU.ActiveCfg = Debug|Any CPU
		{EC33CF25-BCF2-4958-B114-98D9956CABB6}.Debug|Any CPU.Build.0 = Debug|Any CPU
		{EC33CF25-BCF2-4958-B114-98D9956CABB6}.Release|Any CPU.ActiveCfg = Release|Any CPU
		{EC33CF25-BCF2-4958-B114-98D9956CABB6}.Release|Any CPU.Build.0 = Release|Any CPU
	EndGlobalSection
	GlobalSection(SolutionProperties) = preSolution
		HideSolutionNode = FALSE
	EndGlobalSection
	GlobalSection(ExtensibilityGlobals) = postSolution
		SolutionGuid = {928BAA72-7D97-42F1-B52F-190B3E6F5996}
	EndGlobalSection
EndGlobal
